
Microsoft Visual Studio Solution File, Format Version 12.00
# Visual Studio Version 17
VisualStudioVersion = 17.9.34728.123
MinimumVisualStudioVersion = 10.0.40219.1
Project("{FAE04EC0-301F-11D3-BF4B-00C04F79EFBC}") = "BinaryDemo", "BinaryDemo.csproj", "{3B3A421B-F75E-46A8-8F79-411C8CC3CA79}"
EndProject
Global
	GlobalSection(SolutionConfigurationPlatforms) = preSolution
		Debug|Any CPU = Debug|Any CPU
		Release|Any CPU = Release|Any CPU
	EndGlobalSection
	GlobalSection(ProjectConfigurationPlatforms) = postSolution
		{3B3A421B-F75E-46A8-8F79-411C8CC3CA79}.Debug|Any CPU.ActiveCfg = Debug|Any CPU
		{3B3A421B-F75E-46A8-8F79-411C8CC3CA79}.Debug|Any CPU.Build.0 = Debug|Any CPU
		{3B3A421B-F75E-46A8-8F79-411C8CC3CA79}.Release|Any CPU.ActiveCfg = Release|Any CPU
		{3B3A421B-F75E-46A8-8F79-411C8CC3CA79}.Release|Any CPU.Build.0 = Release|Any CPU
	EndGlobalSection
	GlobalSection(SolutionProperties) = preSolution
		HideSolutionNode = FALSE
	EndGlobalSection
	GlobalSection(ExtensibilityGlobals) = postSolution
		SolutionGuid = {23BE2ED2-66E8-4E4F-AAE7-F362521E869F}
	EndGlobalSection
EndGlobal
